{
  "name": "winch-control",
  "version": "0.2.0",
  "lockfileVersion": 3,
  "requires": true,
  "packages": {
    "": {
      "name": "winch-control",
      "version": "0.2.0",
      "license": "AGPL-3.0-only",
      "author": {
        "name": "Bobtoshi",
        "email": "201082672+Bobtoshi@users.noreply.github.com"
      },
      "engines": { "node": ">=22.5" }
    }
  }
}
